
Microsoft Visual Studio Solution File, Format Version 12.00
# Visual Studio Version 17
VisualStudioVersion = 17.6.33829.357
MinimumVisualStudioVersion = 10.0.40219.1
Project("{9A19103F-16F7-4668-BE54-9A1E7A4F7556}") = "Job_Portal", "Job_Portal\Job_Portal.csproj", "{522DA174-C012-400F-B7E5-9C198C8FA2C3}"
EndProject
Global
	GlobalSection(SolutionConfigurationPlatforms) = preSolution
		Debug|Any CPU = Debug|Any CPU
		Release|Any CPU = Release|Any CPU
	EndGlobalSection
	GlobalSection(ProjectConfigurationPlatforms) = postSolution
		{522DA174-C012-400F-B7E5-9C198C8FA2C3}.Debug|Any CPU.ActiveCfg = Debug|Any CPU
		{522DA174-C012-400F-B7E5-9C198C8FA2C3}.Debug|Any CPU.Build.0 = Debug|Any CPU
		{522DA174-C012-400F-B7E5-9C198C8FA2C3}.Release|Any CPU.ActiveCfg = Release|Any CPU
		{522DA174-C012-400F-B7E5-9C198C8FA2C3}.Release|Any CPU.Build.0 = Release|Any CPU
	EndGlobalSection
	GlobalSection(SolutionProperties) = preSolution
		HideSolutionNode = FALSE
	EndGlobalSection
	GlobalSection(ExtensibilityGlobals) = postSolution
		SolutionGuid = {B9F9D7AB-77CA-4066-B118-6A840D69F1BE}
	EndGlobalSection
EndGlobal
